
Microsoft Visual Studio Solution File, Format Version 12.00
# Visual Studio 15
VisualStudioVersion = 15.0.28307.572
MinimumVisualStudioVersion = 10.0.40219.1
Project("{FAE04EC0-301F-11D3-BF4B-00C04F79EFBC}") = "TicTacToeApp", "TicTacToeApp\TicTacToeApp.csproj", "{0C5DCEE2-AABC-4656-A7DD-B9FD000C570E}"
EndProject
Project("{FAE04EC0-301F-11D3-BF4B-00C04F79EFBC}") = "TicTacToeTest", "TicTacToeTest\TicTacToeTest.csproj", "{158B9977-9104-4FBA-8237-D4FE756D169F}"
EndProject
Global
	GlobalSection(SolutionConfigurationPlatforms) = preSolution
		Debug|Any CPU = Debug|Any CPU
		Release|Any CPU = Release|Any CPU
	EndGlobalSection
	GlobalSection(ProjectConfigurationPlatforms) = postSolution
		{0C5DCEE2-AABC-4656-A7DD-B9FD000C570E}.Debug|Any CPU.ActiveCfg = Debug|Any CPU
		{0C5DCEE2-AABC-4656-A7DD-B9FD000C570E}.Debug|Any CPU.Build.0 = Debug|Any CPU
		{0C5DCEE2-AABC-4656-A7DD-B9FD000C570E}.Release|Any CPU.ActiveCfg = Release|Any CPU
		{0C5DCEE2-AABC-4656-A7DD-B9FD000C570E}.Release|Any CPU.Build.0 = Release|Any CPU
		{158B9977-9104-4FBA-8237-D4FE756D169F}.Debug|Any CPU.ActiveCfg = Debug|Any CPU
		{158B9977-9104-4FBA-8237-D4FE756D169F}.Debug|Any CPU.Build.0 = Debug|Any CPU
		{158B9977-9104-4FBA-8237-D4FE756D169F}.Release|Any CPU.ActiveCfg = Release|Any CPU
		{158B9977-9104-4FBA-8237-D4FE756D169F}.Release|Any CPU.Build.0 = Release|Any CPU
	EndGlobalSection
	GlobalSection(SolutionProperties) = preSolution
		HideSolutionNode = FALSE
	EndGlobalSection
	GlobalSection(ExtensibilityGlobals) = postSolution
		SolutionGuid = {0D49ECAF-D608-49C8-890F-1C4445F157C4}
	EndGlobalSection
EndGlobal
