
Microsoft Visual Studio Solution File, Format Version 12.00
# Visual Studio 15
VisualStudioVersion = 15.0.28307.572
MinimumVisualStudioVersion = 10.0.40219.1
Project("{FAE04EC0-301F-11D3-BF4B-00C04F79EFBC}") = "DragAndDrop", "DragAndDrop\DragAndDrop.csproj", "{FD9BF3F7-7F24-4887-B9DE-DD8096B3DC22}"
EndProject
Global
	GlobalSection(SolutionConfigurationPlatforms) = preSolution
		Debug|Any CPU = Debug|Any CPU
		Release|Any CPU = Release|Any CPU
	EndGlobalSection
	GlobalSection(ProjectConfigurationPlatforms) = postSolution
		{FD9BF3F7-7F24-4887-B9DE-DD8096B3DC22}.Debug|Any CPU.ActiveCfg = Debug|Any CPU
		{FD9BF3F7-7F24-4887-B9DE-DD8096B3DC22}.Debug|Any CPU.Build.0 = Debug|Any CPU
		{FD9BF3F7-7F24-4887-B9DE-DD8096B3DC22}.Release|Any CPU.ActiveCfg = Release|Any CPU
		{FD9BF3F7-7F24-4887-B9DE-DD8096B3DC22}.Release|Any CPU.Build.0 = Release|Any CPU
	EndGlobalSection
	GlobalSection(SolutionProperties) = preSolution
		HideSolutionNode = FALSE
	EndGlobalSection
	GlobalSection(ExtensibilityGlobals) = postSolution
		SolutionGuid = {ED69121F-E4A1-40FB-83B3-2321A8252835}
	EndGlobalSection
EndGlobal
