
Microsoft Visual Studio Solution File, Format Version 12.00
# Visual Studio 15
VisualStudioVersion = 15.0.28307.705
MinimumVisualStudioVersion = 10.0.40219.1
Project("{FAE04EC0-301F-11D3-BF4B-00C04F79EFBC}") = "DataBinding_v2_PA", "DataBinding_v2_PA\DataBinding_v2_PA.csproj", "{D0664352-66D5-442D-A6E5-4793B9FE8730}"
EndProject
Global
	GlobalSection(SolutionConfigurationPlatforms) = preSolution
		Debug|Any CPU = Debug|Any CPU
		Release|Any CPU = Release|Any CPU
	EndGlobalSection
	GlobalSection(ProjectConfigurationPlatforms) = postSolution
		{D0664352-66D5-442D-A6E5-4793B9FE8730}.Debug|Any CPU.ActiveCfg = Debug|Any CPU
		{D0664352-66D5-442D-A6E5-4793B9FE8730}.Debug|Any CPU.Build.0 = Debug|Any CPU
		{D0664352-66D5-442D-A6E5-4793B9FE8730}.Release|Any CPU.ActiveCfg = Release|Any CPU
		{D0664352-66D5-442D-A6E5-4793B9FE8730}.Release|Any CPU.Build.0 = Release|Any CPU
	EndGlobalSection
	GlobalSection(SolutionProperties) = preSolution
		HideSolutionNode = FALSE
	EndGlobalSection
	GlobalSection(ExtensibilityGlobals) = postSolution
		SolutionGuid = {E139ECEC-F350-429D-A9F4-9F4DE3E0275E}
	EndGlobalSection
EndGlobal
