
Microsoft Visual Studio Solution File, Format Version 12.00
# Visual Studio 15
VisualStudioVersion = 15.0.28307.705
MinimumVisualStudioVersion = 10.0.40219.1
Project("{FAE04EC0-301F-11D3-BF4B-00C04F79EFBC}") = "ZegarCyfrowy_PA", "ZegarCyfrowy_PA\ZegarCyfrowy_PA.csproj", "{9105F511-B9CB-4AC6-87B3-1F1886AA6C20}"
EndProject
Global
	GlobalSection(SolutionConfigurationPlatforms) = preSolution
		Debug|Any CPU = Debug|Any CPU
		Release|Any CPU = Release|Any CPU
	EndGlobalSection
	GlobalSection(ProjectConfigurationPlatforms) = postSolution
		{9105F511-B9CB-4AC6-87B3-1F1886AA6C20}.Debug|Any CPU.ActiveCfg = Debug|Any CPU
		{9105F511-B9CB-4AC6-87B3-1F1886AA6C20}.Debug|Any CPU.Build.0 = Debug|Any CPU
		{9105F511-B9CB-4AC6-87B3-1F1886AA6C20}.Release|Any CPU.ActiveCfg = Release|Any CPU
		{9105F511-B9CB-4AC6-87B3-1F1886AA6C20}.Release|Any CPU.Build.0 = Release|Any CPU
	EndGlobalSection
	GlobalSection(SolutionProperties) = preSolution
		HideSolutionNode = FALSE
	EndGlobalSection
	GlobalSection(ExtensibilityGlobals) = postSolution
		SolutionGuid = {56BD72B3-7CF7-43DF-B4F3-716E3E8D9536}
	EndGlobalSection
EndGlobal
