
Microsoft Visual Studio Solution File, Format Version 12.00
# Visual Studio 15
VisualStudioVersion = 15.0.28307.705
MinimumVisualStudioVersion = 10.0.40219.1
Project("{FAE04EC0-301F-11D3-BF4B-00C04F79EFBC}") = "Obiektowe1_PA", "Obiektowe1_PA\Obiektowe1_PA.csproj", "{0FDCA4A8-DB88-4B25-AA5B-19B83A588B04}"
EndProject
Global
	GlobalSection(SolutionConfigurationPlatforms) = preSolution
		Debug|Any CPU = Debug|Any CPU
		Release|Any CPU = Release|Any CPU
	EndGlobalSection
	GlobalSection(ProjectConfigurationPlatforms) = postSolution
		{0FDCA4A8-DB88-4B25-AA5B-19B83A588B04}.Debug|Any CPU.ActiveCfg = Debug|Any CPU
		{0FDCA4A8-DB88-4B25-AA5B-19B83A588B04}.Debug|Any CPU.Build.0 = Debug|Any CPU
		{0FDCA4A8-DB88-4B25-AA5B-19B83A588B04}.Release|Any CPU.ActiveCfg = Release|Any CPU
		{0FDCA4A8-DB88-4B25-AA5B-19B83A588B04}.Release|Any CPU.Build.0 = Release|Any CPU
	EndGlobalSection
	GlobalSection(SolutionProperties) = preSolution
		HideSolutionNode = FALSE
	EndGlobalSection
	GlobalSection(ExtensibilityGlobals) = postSolution
		SolutionGuid = {56C53C83-C94C-4202-9627-4C6323BC0C37}
	EndGlobalSection
EndGlobal
